uuid: f1402475-88b0-4488-881b-0d080a520d41
langcode: en
status: true
dependencies:
  config:
    - views.view.virtualbooths
  module:
    - views
  theme:
    - cohesion_theme
id: views_block__virtualbooths_upcoming_virtualbooths_page_block
theme: cohesion_theme
region: dx8_hidden
weight: 32
provider: null
plugin: 'views_block:virtualbooths-upcoming_virtualbooths_page_block'
settings:
  id: 'views_block:virtualbooths-upcoming_virtualbooths_page_block'
  label: ''
  label_display: '0'
  provider: views
  views_label: ''
  items_per_page: none
visibility: {  }
