uuid: e232929b-1039-4356-8909-e7cf59a4c515
langcode: en
status: true
dependencies:
  config:
    - views.view.symposia
  module:
    - views
  theme:
    - cohesion_theme
id: views_block__symposia_symposia_archive_block
theme: cohesion_theme
region: dx8_hidden
weight: 27
provider: null
plugin: 'views_block:symposia-symposia_archive_block'
settings:
  id: 'views_block:symposia-symposia_archive_block'
  label: ''
  label_display: '0'
  provider: views
  views_label: ''
  items_per_page: none
visibility: {  }
