uuid: ed9595f1-3989-41c9-bf39-6acaf01a0bdf
langcode: en
status: true
dependencies:
  config:
    - views.view.events
  module:
    - views
  theme:
    - cohesion_theme
id: views_block__events_browse_past_events_block
theme: cohesion_theme
region: dx8_hidden
weight: -11
provider: null
plugin: 'views_block:events-browse_past_events_block'
settings:
  id: 'views_block:events-browse_past_events_block'
  label: ''
  label_display: '0'
  provider: views
  views_label: ''
  items_per_page: none
visibility: {  }
