uuid: cc4b13f0-fc47-4ed5-9e43-db0bac7c9e17
langcode: en
status: true
dependencies:
  config:
    - cohesion_custom_styles.cohesion_custom_style.05ec9ce4
    - cohesion_custom_styles.cohesion_custom_style.1aed8e0a
    - cohesion_custom_styles.cohesion_custom_style.29f72bc6
    - cohesion_custom_styles.cohesion_custom_style.53e9df41
    - cohesion_custom_styles.cohesion_custom_style.63b187c4
    - cohesion_custom_styles.cohesion_custom_style.6580c294
    - cohesion_custom_styles.cohesion_custom_style.6719c6aa
    - cohesion_custom_styles.cohesion_custom_style.7bb1adf4
    - cohesion_custom_styles.cohesion_custom_style.8f62c36b
    - cohesion_custom_styles.cohesion_custom_style.9877f87e
    - cohesion_custom_styles.cohesion_custom_style.99af5511
    - cohesion_custom_styles.cohesion_custom_style.a39f104e
    - cohesion_custom_styles.cohesion_custom_style.dbce267a
    - cohesion_custom_styles.cohesion_custom_style.f763a575
    - cohesion_elements.cohesion_component_category.cpt_cat_other_0
label: Block
id: cpt_a_block
json_values: '{"canvas":[{"type":"container","uid":"container","title":"Container","status":{"collapsed":false},"parentUid":"root","uuid":"68161bfd-742a-4483-b5d9-3a9ab4128bb7","children":[{"type":"container","uid":"container","title":"Container","status":{"collapsed":false,"collapsedParents":[]},"uuid":"bf495d43-8149-4bab-99d4-1777805b40dd","parentUid":"container","children":[{"type":"item","uid":"drupal-block","title":"Block","status":{"collapsed":true},"uuid":"d94566ad-89d1-40d0-814c-52be48c545d6","parentUid":"container","children":[]}]}]}],"componentForm":[{"type":"form-container","uid":"form-tab-container","title":"Tab container","status":{"collapsed":false},"options":{"formBuilder":true},"uuid":"c546bc9f-df2e-4810-8d2c-1a487db9e67b","parentUid":"root","children":[{"type":"form-container","uid":"form-tab-item","title":"Tab item","status":{"collapsed":false},"options":{"formBuilder":true},"uuid":"6da65527-3e54-4f16-9c5f-205625068b0b","parentUid":"form-tab-container","children":[{"type":"form-container","uid":"form-tab-container","title":"Tab container","status":{"collapsed":false},"options":{"formBuilder":true},"uuid":"9edf7334-7cba-49b6-8c04-8f7d7566a009","parentUid":"form-tab-item","children":[{"type":"form-container","uid":"form-tab-item","title":"Tab item","status":{"collapsed":false},"options":{"formBuilder":true},"uuid":"92246c12-03a0-4964-b4ee-8674778b9594","parentUid":"form-tab-container","children":[{"type":"form-container","uid":"form-section","title":"Field group","status":{"collapsed":false},"options":{"formBuilder":true},"uuid":"89dddad2-6417-461c-9127-8411f63e0737","parentUid":"form-tab-item","children":[{"type":"form-field","uid":"form-select","title":"Select","translate":false,"status":{"collapsed":false},"uuid":"969848ac-ef81-46b7-9efe-96a848ff8b63","parentUid":"form-section","children":[]}]}]}]}]},{"type":"form-container","uid":"form-tab-item","title":"Tab item","status":{"collapsed":false},"options":{"formBuilder":true},"uuid":"c26320cb-959f-476b-aa6f-faa1551d2ce8","parentUid":"form-tab-container","children":[{"type":"form-container","uid":"form-section","title":"Field group","status":{"collapsed":false},"options":{"formBuilder":true},"uuid":"dae366be-66ee-442f-8c8e-c53f6bdea934","parentUid":"form-tab-item","children":[{"type":"form-field","uid":"form-select","title":"Select","translate":false,"status":{"collapsed":false},"parentUid":"form-section","uuid":"006a7bd6-890a-4fb6-b031-55eca57f149a","children":[]},{"type":"form-field","uid":"form-colorpicker","title":"Color picker","status":{"collapsed":false},"uuid":"c0dc1d4b-8a7c-4da1-8255-4b2eda997452","parentUid":"form-section","children":[]}]},{"type":"form-container","uid":"form-accordion","title":"Group accordion","status":{"collapsed":false},"options":{"formBuilder":true},"uuid":"e492ec3b-3cdf-4ecc-ab09-1ee0d0803bce","parentUid":"form-tab-item","children":[{"type":"form-container","uid":"form-tab-container","title":"Tab container","status":{"collapsed":false,"collapsedParents":[]},"options":{"formBuilder":true},"uuid":"2903fb78-1206-4737-b354-3de6b4d5509b","parentUid":"form-accordion","children":[{"type":"form-container","uid":"form-tab-item","title":"Tab item","status":{"collapsed":false},"options":{"formBuilder":true},"uuid":"89600135-f021-412e-b678-5c3568ef5d2e","parentUid":"form-tab-container","children":[{"type":"form-container","uid":"form-section","title":"Field group","status":{"collapsed":false},"options":{"formBuilder":true},"uuid":"c7d60f16-65ab-4998-83b0-d1b46fb94202","parentUid":"form-tab-item","children":[{"type":"form-field","uid":"form-select","title":"Select","translate":false,"status":{"collapsed":false},"uuid":"dcfd4954-82d9-49c1-94a0-d439450e78da","parentUid":"form-section","children":[]},{"type":"form-field","uid":"form-select","title":"Select","translate":false,"status":{"collapsed":false},"uuid":"7d31398e-156e-47a5-ab08-6d95a2f9d5d3","parentUid":"form-section","children":[]},{"type":"form-field","uid":"form-select","title":"Select","translate":false,"status":{"collapsed":false},"uuid":"ea7efc95-0f1c-4e0d-a72f-9655532dafe3","parentUid":"form-section","children":[]},{"type":"form-field","uid":"form-select","title":"Select","translate":false,"status":{"collapsed":false},"uuid":"14bcf379-709d-4a34-a36f-12aa429613d2","parentUid":"form-section","children":[]}]}]}]}]}]},{"type":"form-container","uid":"form-tab-item","title":"Tab item","status":{"collapsed":false},"options":{"formBuilder":true},"uuid":"7779465a-0895-471d-a28f-69915ea6fd2b","parentUid":"form-tab-container","children":[]}]}],"mapper":{"68161bfd-742a-4483-b5d9-3a9ab4128bb7":{"settings":{"formDefinition":[{"formKey":"container-settings","children":[{"formKey":"container-width","breakpoints":[],"activeFields":[{"name":"width","active":true}]},{"formKey":"common-link-animation","breakpoints":[{"name":"xl"}],"activeFields":[{"name":"linkAnimation","active":true},{"name":"animationType","active":true},{"name":"animationScope","active":true},{"name":"animationParent","active":true},{"name":"animationTarget","active":true},{"name":"animationScale","active":true},{"name":"animationDirection","active":true},{"name":"animationDirection","active":true},{"name":"animationDirection","active":true},{"name":"animationDistance","active":true},{"name":"animationPieces","active":true},{"name":"animationOrigin","active":true},{"name":"animationFoldHeight","active":true},{"name":"animationHorizontalFirst","active":true},{"name":"animationIterations","active":true},{"name":"animationEasing","active":true},{"name":"animationDuration","active":true}]},{"formKey":"common-link-modifier","breakpoints":[],"activeFields":[{"name":"modifier","active":true},{"name":"modifierType","active":true},{"name":"interactionScope","active":true},{"name":"interactionParent","active":true},{"name":"interactionTarget","active":true},{"name":"modifierName","active":true}]},{"formKey":"container-style","breakpoints":[],"activeFields":[{"name":"customStyle","active":true},{"name":"customStyle","active":true}]}]}],"selectorType":"topLevel","form":null,"items":[]},"styles":{"formDefinition":[{"formKey":"background","children":[{"formKey":"background-color","breakpoints":[{"name":"xl"}],"activeFields":[{"name":"background-color","active":true}]}]}],"selectorType":"topLevel","items":[],"form":null},"hideNoData":{"formDefinition":[{"formKey":"tab-hide-data-settings","children":[{"formKey":"tab-hide-data-hide","breakpoints":[],"activeFields":[{"name":"hideEnable","active":true},{"name":"hideData","active":true}]}]}],"title":"Hide if no data","selectorType":"topLevel","form":null,"items":[]}},"bf495d43-8149-4bab-99d4-1777805b40dd":{"settings":{"formDefinition":[{"formKey":"container-settings","children":[{"formKey":"container-width","breakpoints":[],"activeFields":[{"name":"width","active":true}]},{"formKey":"common-link-animation","breakpoints":[{"name":"xl"}],"activeFields":[{"name":"linkAnimation","active":true},{"name":"animationType","active":true},{"name":"animationScope","active":true},{"name":"animationParent","active":true},{"name":"animationTarget","active":true},{"name":"animationScale","active":true},{"name":"animationDirection","active":true},{"name":"animationDirection","active":true},{"name":"animationDirection","active":true},{"name":"animationDistance","active":true},{"name":"animationPieces","active":true},{"name":"animationOrigin","active":true},{"name":"animationFoldHeight","active":true},{"name":"animationHorizontalFirst","active":true},{"name":"animationIterations","active":true},{"name":"animationEasing","active":true},{"name":"animationDuration","active":true}]},{"formKey":"common-link-modifier","breakpoints":[],"activeFields":[{"name":"modifier","active":true},{"name":"modifierType","active":true},{"name":"interactionScope","active":true},{"name":"interactionParent","active":true},{"name":"interactionTarget","active":true},{"name":"modifierName","active":true}]},{"formKey":"container-style","breakpoints":[],"activeFields":[{"name":"customStyle","active":true},{"name":"customStyle","active":true}]}]}],"selectorType":"topLevel","form":null,"items":[]},"styles":{"formDefinition":[],"selectorType":"topLevel","items":[],"form":null},"markup":{"formDefinition":[{"formKey":"tab-markup-classes-and-ids","children":[{"formKey":"tab-markup-add-classes","breakpoints":[],"activeFields":[{"name":"classes","active":true}]}]}],"title":"Markup","selectorType":"topLevel","form":null,"items":[]},"animateonview":{"formDefinition":[{"formKey":"tab-animateonview-animation","children":[{"formKey":"tab-animateonview-animation-attributes","breakpoints":[],"activeFields":[{"name":"group","active":true},{"name":"animation","active":true},{"name":"animation","active":true},{"name":"animation","active":true},{"name":"animation","active":true},{"name":"animation","active":true},{"name":"animation","active":true},{"name":"animation","active":true},{"name":"animation","active":true},{"name":"animation","active":true},{"name":"animation","active":true},{"name":"animation","active":true},{"name":"animation","active":true},{"name":"animation","active":true},{"name":"animation","active":true},{"name":"duration","active":true},{"name":"delay","active":true},{"name":"offset","active":true},{"name":"iteration","active":true}]}]}],"title":"Animate on view","selectorType":"topLevel","form":null,"items":[]},"hideNoData":{"formDefinition":[{"formKey":"tab-hide-data-settings","children":[{"formKey":"tab-hide-data-hide","breakpoints":[],"activeFields":[{"name":"hideEnable","active":true},{"name":"hideData","active":true}]}]}],"title":"Hide if no data","selectorType":"topLevel","form":null,"items":[]}},"d94566ad-89d1-40d0-814c-52be48c545d6":{"settings":{"formDefinition":[{"formKey":"block-settings","children":[{"formKey":"block-drupal-block","breakpoints":[],"activeFields":[{"name":"theme","active":true},{"name":"block","active":true}]},{"formKey":"block-style","breakpoints":[],"activeFields":[{"name":"customStyle","active":true},{"name":"customStyle","active":true}]}]}],"selectorType":"topLevel","form":null,"items":[]},"hideNoData":{"formDefinition":[{"formKey":"tab-hide-data-settings","children":[{"formKey":"tab-hide-data-hide","breakpoints":[],"activeFields":[{"name":"hideEnable","active":true},{"name":"hideData","active":true}]}]}],"title":"Hide if no data","selectorType":"topLevel","form":null,"items":[]}}},"model":{"68161bfd-742a-4483-b5d9-3a9ab4128bb7":{"settings":{"title":"Container - BG Color","width":"fluid","customStyle":[{"customStyle":"[field.dcfd4954-82d9-49c1-94a0-d439450e78da] [field.7d31398e-156e-47a5-ab08-6d95a2f9d5d3] [field.ea7efc95-0f1c-4e0d-a72f-9655532dafe3] [field.14bcf379-709d-4a34-a36f-12aa429613d2]"}],"settings":{"width":"fluid","customStyle":[{"customStyle":""}]}},"context-visibility":{"contextVisibility":{"condition":"ALL"}},"styles":{"settings":{"element":"container"},"styles":{"xl":{"background-color":{"value":"[field.c0dc1d4b-8a7c-4da1-8255-4b2eda997452]"}}}},"hideNoData":{"hideEnable":true,"hideData":"[field.969848ac-ef81-46b7-9efe-96a848ff8b63]"}},"bf495d43-8149-4bab-99d4-1777805b40dd":{"settings":{"title":"Container - Width","width":"fluid","settings":{"width":"fluid","customStyle":[{"customStyle":""}]},"customStyle":[{"customStyle":"[field.006a7bd6-890a-4fb6-b031-55eca57f149a]"}]},"context-visibility":{"contextVisibility":{"condition":"ALL"}},"styles":{"settings":{"element":"container"}},"markup":{},"animateonview":{"animateonview":{"group":""},"group":""},"hideNoData":{}},"d94566ad-89d1-40d0-814c-52be48c545d6":{"settings":{"title":"Block","customStyle":[{"customStyle":""}],"settings":{"theme":"all","customStyle":[{"customStyle":""}]},"theme":"cohesion_theme","block":"[field.969848ac-ef81-46b7-9efe-96a848ff8b63]"},"context-visibility":{"contextVisibility":{"condition":"ALL"}},"styles":{"settings":{"element":"block"}},"hideNoData":{}},"c546bc9f-df2e-4810-8d2c-1a487db9e67b":{"settings":{"type":"cohTabContainer","title":"Tab container","responsiveMode":true}},"6da65527-3e54-4f16-9c5f-205625068b0b":{"settings":{"title":"Content","type":"cohTabItem","breakpointIcon":""},"contextVisibility":{"condition":"ALL"}},"9edf7334-7cba-49b6-8c04-8f7d7566a009":{"settings":{"type":"cohTabContainer","title":"Tab container","responsiveMode":true}},"92246c12-03a0-4964-b4ee-8674778b9594":{"settings":{"title":"Block","type":"cohTabItem","breakpointIcon":""},"contextVisibility":{"condition":"ALL"}},"89dddad2-6417-461c-9127-8411f63e0737":{"settings":{"title":"Block section","type":"cohSection","hideRowHeading":0,"removePadding":0,"columnCount":"1","breakpointIcon":"","breakpoints":false,"propertiesMenu":false,"disableScrollbar":true,"disableEllipsisMenu":true,"isOpen":true},"contextVisibility":{"condition":"ALL"}},"969848ac-ef81-46b7-9efe-96a848ff8b63":{"settings":{"title":"Block select","type":"cohSelect","selectType":"existing","schema":{"type":"string"},"machineName":"block-select","tooltipPlacement":"auto right","selectModel":["settings","block-options","block-drupal-block","block"]},"contextVisibility":{"condition":"ALL"},"model":{}},"c26320cb-959f-476b-aa6f-faa1551d2ce8":{"settings":{"title":"Layout and Style","type":"cohTabItem","breakpointIcon":""},"contextVisibility":{"condition":"ALL"}},"dae366be-66ee-442f-8c8e-c53f6bdea934":{"settings":{"title":"General","type":"cohSection","hideRowHeading":1,"removePadding":0,"columnCount":"2","breakpointIcon":"","breakpoints":false,"propertiesMenu":false,"disableScrollbar":true,"disableEllipsisMenu":true,"isOpen":true},"contextVisibility":{"condition":"ALL"}},"006a7bd6-890a-4fb6-b031-55eca57f149a":{"settings":{"title":"Component width","type":"cohSelect","selectType":"custom","schema":{"type":"string"},"options":[{"label":"Wide","value":"coh-style-a-max-width-wide"},{"label":"Narrow","value":"coh-style-a-max-width-narrow"}],"machineName":"component-width","tooltipPlacement":"auto right"},"contextVisibility":{"condition":"ALL"},"model":{"value":"coh-style-a-max-width-wide"}},"c0dc1d4b-8a7c-4da1-8255-4b2eda997452":{"settings":{"title":"Background Color","type":"cohColourPickerOpener","colourPickerOptions":{"flat":true,"showOnly":""},"schema":{"type":"object"},"machineName":"background-color","restrictBy":"none","tooltipPlacement":"auto right"},"contextVisibility":{"condition":"ALL"}},"e492ec3b-3cdf-4ecc-ab09-1ee0d0803bce":{"settings":{"title":"Advanced options","type":"cohAccordion","isOpen":false},"contextVisibility":{"condition":"ALL"}},"2903fb78-1206-4737-b354-3de6b4d5509b":{"settings":{"type":"cohTabContainer","title":"Tab container","responsiveMode":true}},"89600135-f021-412e-b678-5c3568ef5d2e":{"settings":{"title":"Padding","type":"cohTabItem","breakpointIcon":""},"contextVisibility":{"condition":"ALL"}},"c7d60f16-65ab-4998-83b0-d1b46fb94202":{"settings":{"title":"Component Padding (Internal margin)","type":"cohSection","hideRowHeading":1,"removePadding":0,"columnCount":"4","breakpointIcon":"","breakpoints":false,"propertiesMenu":false,"disableScrollbar":true,"disableEllipsisMenu":true,"isOpen":true},"contextVisibility":{"condition":"ALL"}},"dcfd4954-82d9-49c1-94a0-d439450e78da":{"settings":{"title":"Top","type":"cohSelect","selectType":"custom","schema":{"type":"string"},"machineName":"component-padding-top","tooltipPlacement":"auto right","options":[{"label":"None","value":""},{"label":"Small","value":"coh-style-a-padding-top-small"},{"label":"Medium","value":"coh-style-a-padding-top-medium"},{"label":"Large","value":"coh-style-a-padding-top-large"}]},"contextVisibility":{"condition":"ALL"},"model":{"value":""}},"7d31398e-156e-47a5-ab08-6d95a2f9d5d3":{"settings":{"title":"Bottom","type":"cohSelect","selectType":"custom","schema":{"type":"string"},"machineName":"component-padding-bottom","tooltipPlacement":"auto right","options":[{"label":"None","value":""},{"label":"Small","value":"coh-style-a-padding-bottom-small"},{"label":"Medium","value":"coh-style-a-padding-bottom-medium"},{"label":"Large","value":"coh-style-a-padding-bottom-large"}]},"contextVisibility":{"condition":"ALL"},"model":{"value":""}},"ea7efc95-0f1c-4e0d-a72f-9655532dafe3":{"settings":{"title":"Left","type":"cohSelect","selectType":"custom","schema":{"type":"string"},"machineName":"component-padding-left","tooltipPlacement":"auto right","options":[{"label":"None","value":""},{"label":"Small","value":"coh-style-a-padding-left-small"},{"label":"Medium","value":"coh-style-a-padding-left-medium"},{"label":"Large","value":"coh-style-a-padding-left-large"}]},"contextVisibility":{"condition":"ALL"},"model":{"value":""}},"14bcf379-709d-4a34-a36f-12aa429613d2":{"settings":{"title":"Right","type":"cohSelect","selectType":"custom","schema":{"type":"string"},"machineName":"component-padding-right","tooltipPlacement":"auto right","options":[{"label":"None","value":""},{"label":"Small","value":"coh-style-a-padding-right-small"},{"label":"Medium","value":"coh-style-a-padding-right-medium"},{"label":"Large","value":"coh-style-a-padding-right-large"}]},"contextVisibility":{"condition":"ALL"},"model":{"value":""}},"7779465a-0895-471d-a28f-69915ea6fd2b":{"settings":{"title":"Help","type":"cohTabItem","breakpointIcon":""},"contextVisibility":{"condition":"ALL"}}},"previewModel":{"bf495d43-8149-4bab-99d4-1777805b40dd":{"settings":{"customStyle":[{"customStyle":""}]},"styles":{"styles":{"xl":{"min-height":{},"custom-css":[{"customCss":{}}]}}}},"c26320cb-959f-476b-aa6f-faa1551d2ce8":{},"7779465a-0895-471d-a28f-69915ea6fd2b":{},"e492ec3b-3cdf-4ecc-ab09-1ee0d0803bce":{},"dae366be-66ee-442f-8c8e-c53f6bdea934":{},"911c3906-6d58-4878-a752-15c652a9e0ab":{},"89dddad2-6417-461c-9127-8411f63e0737":{},"6da65527-3e54-4f16-9c5f-205625068b0b":{},"92246c12-03a0-4964-b4ee-8674778b9594":{},"9dfe0018-8d19-4e3c-9e9e-44ad8e8ab985":{},"89600135-f021-412e-b678-5c3568ef5d2e":{},"006a7bd6-890a-4fb6-b031-55eca57f149a":{},"68161bfd-742a-4483-b5d9-3a9ab4128bb7":{"settings":{"customStyle":[{"customStyle":""},{}]}},"c7d60f16-65ab-4998-83b0-d1b46fb94202":{},"3d2869e8-8f16-4541-9d58-d66f3bc3849d":{},"ac611f07-11fa-424d-a36c-5ae36f4d3d76":{},"bfd27e8e-144f-4c7e-b6b9-ffac39243021":{},"4d94bb1f-dd1f-4cf5-b209-efcbb3a87846":{},"dcfd4954-82d9-49c1-94a0-d439450e78da":{},"7d31398e-156e-47a5-ab08-6d95a2f9d5d3":{},"ea7efc95-0f1c-4e0d-a72f-9655532dafe3":{},"14bcf379-709d-4a34-a36f-12aa429613d2":{},"c0dc1d4b-8a7c-4da1-8255-4b2eda997452":{},"969848ac-ef81-46b7-9efe-96a848ff8b63":{},"d94566ad-89d1-40d0-814c-52be48c545d6":{}},"variableFields":{"bf495d43-8149-4bab-99d4-1777805b40dd":["settings.customStyle.0.customStyle"],"c26320cb-959f-476b-aa6f-faa1551d2ce8":[],"7779465a-0895-471d-a28f-69915ea6fd2b":[],"e492ec3b-3cdf-4ecc-ab09-1ee0d0803bce":[],"dae366be-66ee-442f-8c8e-c53f6bdea934":[],"911c3906-6d58-4878-a752-15c652a9e0ab":[],"89dddad2-6417-461c-9127-8411f63e0737":[],"6da65527-3e54-4f16-9c5f-205625068b0b":[],"92246c12-03a0-4964-b4ee-8674778b9594":[],"9dfe0018-8d19-4e3c-9e9e-44ad8e8ab985":[],"89600135-f021-412e-b678-5c3568ef5d2e":[],"006a7bd6-890a-4fb6-b031-55eca57f149a":[],"68161bfd-742a-4483-b5d9-3a9ab4128bb7":["styles.styles.xl.background-color.value","settings.customStyle.0.customStyle"],"c7d60f16-65ab-4998-83b0-d1b46fb94202":[],"3d2869e8-8f16-4541-9d58-d66f3bc3849d":[],"ac611f07-11fa-424d-a36c-5ae36f4d3d76":[],"bfd27e8e-144f-4c7e-b6b9-ffac39243021":[],"4d94bb1f-dd1f-4cf5-b209-efcbb3a87846":[],"dcfd4954-82d9-49c1-94a0-d439450e78da":[],"7d31398e-156e-47a5-ab08-6d95a2f9d5d3":[],"ea7efc95-0f1c-4e0d-a72f-9655532dafe3":[],"14bcf379-709d-4a34-a36f-12aa429613d2":[],"c0dc1d4b-8a7c-4da1-8255-4b2eda997452":[],"969848ac-ef81-46b7-9efe-96a848ff8b63":[],"d94566ad-89d1-40d0-814c-52be48c545d6":["settings.block"]},"disabledNodes":[],"meta":{"fieldHistory":[{"uuid":"14bcf379-709d-4a34-a36f-12aa429613d2","type":"form-select","machineName":"component-padding-right"},{"uuid":"ea7efc95-0f1c-4e0d-a72f-9655532dafe3","type":"form-select","machineName":"component-padding-left"},{"uuid":"7d31398e-156e-47a5-ab08-6d95a2f9d5d3","type":"form-select","machineName":"component-padding-bottom"},{"uuid":"dcfd4954-82d9-49c1-94a0-d439450e78da","type":"form-select","machineName":"component-padding-top"},{"uuid":"c0dc1d4b-8a7c-4da1-8255-4b2eda997452","type":"form-colorpicker","machineName":"background-color"},{"uuid":"006a7bd6-890a-4fb6-b031-55eca57f149a","type":"form-select","machineName":"component-width"},{"uuid":"969848ac-ef81-46b7-9efe-96a848ff8b63","type":"form-select","machineName":"block-select"},{"uuid":"c176ec5b-ba52-4d5a-954b-3d50ec79f6ad","type":"form-image","machineName":"mobile-image"},{"uuid":"0c8dd521-eea4-42b7-a37c-70412e018922","type":"form-input","machineName":"alt-text-image"},{"uuid":"3ed68aa1-6ebe-427d-a3e7-7a26a3da1199","type":"form-image","machineName":"desktop-image"},{"uuid":"be01da30-c7c0-46e2-bfc8-942194e7a96a","type":"form-colorpicker","machineName":"mobile-color-filter"},{"uuid":"9f5de4b4-e360-4ac0-a312-54fc975bef3e","type":"form-colorpicker","machineName":"desktop-color-filter"},{"uuid":"6741a1c6-a9a5-4c5d-839e-76b40de83882","type":"form-select","machineName":"component-height"},{"machineName":"padding-right"},{"uuid":"93b963e1-6b28-4299-90dc-74d3b3389b93","type":"form-colorpicker","machineName":"background-color-for-accessibility"},{"uuid":"9a1a1c97-4eae-4ade-9924-23af2e0b738d","type":"form-select","machineName":"dropzone-size"},{"uuid":"dce3974c-6694-4ec0-aed8-d276bb10881e","type":"form-input","machineName":"alt-image1"},{"uuid":"50cdd835-2e02-4572-9f5f-ddfc705c60a8","type":"form-select","machineName":"text-padding-right"},{"uuid":"6ab3fb71-6da0-4eb3-be7b-944da67066f5","type":"form-select","machineName":"text-padding-left"},{"uuid":"ae0cf857-3e9e-4c23-8c54-5945ed77dedc","type":"form-select","machineName":"text-padding-bottom"},{"uuid":"e7bbb436-cf52-4069-b73f-c556112a7736","type":"form-select","machineName":"text-padding-top"},{"uuid":"5191000f-7802-4c8d-ad07-663ef255c517","type":"form-select","machineName":"button-right-style"},{"uuid":"376afddc-6f04-4d81-a7e6-a0388be227e9","type":"form-select","machineName":"button-left-style"},{"uuid":"fbcd161c-c9f9-4575-a894-37144f33d869","type":"form-select","machineName":"text-vertical-align"},{"uuid":"fbc8be67-ae61-43d9-84a6-308d0b35f1d0","type":"form-select","machineName":"text-box-alignment"},{"uuid":"e3d0f965-be07-435e-a027-247f5c087d4e","type":"form-range-slider","machineName":"text-box-width1"},{"uuid":"8dc9217f-e8db-431a-8a83-5cc9ef088b21","type":"form-select","machineName":"target1"},{"uuid":"a8e928e6-8d6f-46f4-974f-92b5dd804ca2","type":"form-link","machineName":"link1"},{"uuid":"66b6d029-4fe9-4537-b6b0-277bc8158082","type":"form-input","machineName":"text1"},{"uuid":"b54b1380-f323-4ce6-8774-49b2bb58a63f","type":"form-select","machineName":"target"},{"uuid":"711927d1-4efe-4b27-8110-6850c9298647","type":"form-link","machineName":"link"},{"uuid":"9d069b49-8844-4fb7-b9dc-86605bbdd791","type":"form-input","machineName":"text"},{"uuid":"3e7154db-6d50-4d2b-a942-558e10c4ee50","type":"form-wysiwyg","machineName":"text-below-the-button1"},{"uuid":"7f24f1c1-7305-4c0c-aa31-ffad90a76c33","type":"form-wysiwyg","machineName":"text-above-the-button1"},{"uuid":"9dfe0018-8d19-4e3c-9e9e-44ad8e8ab985","type":"form-select","machineName":"target2"},{"uuid":"fb0fa11d-af8c-4f1a-a070-545c18f8b0de","type":"form-input","machineName":"text-box-width"},{"uuid":"f5be85da-000e-45c3-9d88-105f450cfd30","type":"form-range-slider","machineName":"opacitytransparency-image"},{"uuid":"ef79eee2-7934-4c28-b25f-a09fda5632bf","type":"form-select","machineName":"filter-darken-whiten"},{"uuid":"79131762-321e-4cf4-8564-b95ae27eaafd","type":"form-select","machineName":"style1"},{"uuid":"906caa8b-b893-4da4-baa4-e83b08523008","type":"form-colorpicker","machineName":"color1"},{"uuid":"44b03c03-1e8b-457d-a507-243b2beb7f7a","type":"form-select","machineName":"right1"},{"uuid":"c3e73144-9fcb-47be-b1f0-ef858bb5d61e","type":"form-select","machineName":"left1"},{"uuid":"2f58c83e-2fa8-404b-8c26-5d8c22019268","type":"form-select","machineName":"bottom1"},{"uuid":"f10c03ff-7971-4131-9f5f-6ae29a86af37","type":"form-select","machineName":"top1"},{"uuid":"8e94c795-e3d4-40c4-a9b8-b2a2b0851a60","type":"form-select","machineName":"style"},{"uuid":"a8b78e50-c669-4df8-a431-f2c49db8f81a","type":"form-colorpicker","machineName":"color"},{"uuid":"ddae5923-1661-4ef0-b4fe-4ebe148c3947","type":"form-select","machineName":"right"},{"uuid":"6e3b39b7-9cd4-4ecb-ad5f-a994d4cf10b4","type":"form-select","machineName":"left"},{"uuid":"59a79c0e-ac8a-4f79-b4a1-e473d22bcca9","type":"form-select","machineName":"bottom"},{"uuid":"51c55a10-e7c3-430b-a18a-e065af6e6f93","type":"form-select","machineName":"top"},{"uuid":"f5869381-a6b4-42d5-b77c-f262f44e0720","type":"form-colorpicker","machineName":"title-color"},{"uuid":"0eca5f49-3b5d-487a-a28a-3b7027e83931","type":"form-select","machineName":"image-vertical-align"},{"uuid":"09d58c20-9dcd-402f-b246-ccb8a0c25334","type":"form-select","machineName":"image-size"},{"uuid":"570e7801-d4dd-437a-b9d7-0dc761e1a83a","type":"form-wysiwyg","machineName":"text-footer"},{"uuid":"9a5c27c8-5ab5-4b7b-8ebf-8d151bb735e8","type":"form-checkbox-toggle","machineName":"display-image-on-mobile-devices"},{"uuid":"12dc4b12-e660-4158-8627-b71d56de3fae","type":"form-select","machineName":"mobile-order"},{"uuid":"daa5e948-dd06-47ba-a382-c3a1a954eef6","type":"form-select","machineName":"select-order"},{"uuid":"7491c56a-fe90-4129-88cc-f2a2e6550f1a","type":"form-colorpicker","machineName":"image-background"},{"uuid":"d85835a1-6179-49c8-9073-9af7a3738c16","type":"form-colorpicker","machineName":"paragraph-color"},{"uuid":"6e38385e-a8a5-4c3c-9331-92c90767c729","type":"form-image","machineName":"sideimage"},{"uuid":"1cdbf51d-6481-49bc-865c-33fe42522b57","type":"form-link","machineName":"ctalink"},{"uuid":"506c0a5b-8120-445e-97a0-28fcf4624142","type":"form-input","machineName":"button-text"},{"uuid":"e6ad30ed-c867-42c8-a171-174e30bcb10d","type":"form-wysiwyg","machineName":"text-below-the-button"},{"uuid":"6c7a1973-4738-40e5-b3e6-239b4b742290","type":"form-wysiwyg","machineName":"text-above-the-button"},{"uuid":"b22845df-1b42-4482-a7a2-b2e2f9190676","type":"form-select","machineName":"text-border-style"},{"uuid":"24ee36e2-8fd3-4fe8-99ee-eee45760e1fc","type":"form-colorpicker","machineName":"text-border-color"},{"uuid":"645aa209-41bb-4712-87b6-6feb7924d427","type":"form-input","machineName":"text-border-mobile-bottom"},{"uuid":"5e248265-8d65-4f65-a45f-6275ae438245","type":"form-input","machineName":"text-border-mobile-top"},{"uuid":"6f99f446-88d0-440d-9893-40d323d9f03d","type":"form-input","machineName":"text-border-desktop-right"},{"uuid":"218d4bdd-4097-4f4b-aff2-9477b40fc8d3","type":"form-input","machineName":"text-border-desktop-left"},{"uuid":"e3ac8596-27de-499b-8f88-8e2530b87545","type":"form-select","machineName":"border-style"},{"uuid":"62c59952-e627-44a4-a5e1-bd428a2e4eb4","type":"form-colorpicker","machineName":"border-color"},{"uuid":"2a640059-aade-4a90-bf71-4988fde119c4","type":"form-input","machineName":"border-right"},{"uuid":"532112d5-d59f-45b9-9b56-72f2fd3212cc","type":"form-input","machineName":"border-left"},{"uuid":"0f7d24fa-8363-4448-ae9a-77919748186c","type":"form-input","machineName":"border-bottom"},{"uuid":"ee353587-7ac7-4acd-bf52-3e08110f793b","type":"form-input","machineName":"border-top"},{"uuid":"129dfc83-70f9-44bc-b7c6-bc1d878141d8","type":"form-input","machineName":"desktop-text-padding-right"},{"uuid":"f0a7fbd2-9fc9-4df6-98f6-9de360268ecf","type":"form-input","machineName":"desktop-text-padding-left"},{"uuid":"4f341a1d-5b63-45f3-b5ba-52ebc5ff5f7a","type":"form-input","machineName":"desktop-text-padding-bottom"},{"uuid":"8cbb9e78-5159-412a-a09b-75bf8ebab03b","type":"form-input","machineName":"desktop-text-padding-top"},{"uuid":"9d9efea1-2988-468c-935e-2c08edf56ba5","type":"form-input","machineName":"mobile-text-padding-right"},{"uuid":"d4bbbb60-388f-4f12-b24c-39a9486dec12","type":"form-input","machineName":"mobile-text-padding-left"},{"uuid":"cca5cd06-7324-4c73-bd8c-55b1d2996a2b","type":"form-input","machineName":"mobile-text-padding-bottom1"},{"uuid":"933fad54-de3c-4a0c-86cf-4ff2b5a21bc1","type":"form-input","machineName":"mobile-text-padding-top"},{"uuid":"4096c32f-d572-42c7-9a90-6bf6b1812853","type":"form-checkbox-toggle","machineName":"text-custom-color"},{"uuid":"836d3c16-f9b2-4324-99dd-f3aff11164fb","type":"form-select","machineName":"title-style"},{"uuid":"35371d15-46a7-4541-abd1-33905d651500","type":"form-colorpicker","machineName":"background-container-color"},{"uuid":"eed1da4f-c27c-4b63-8279-79d0e53739d6","type":"form-select","machineName":"text-horizontal-align"},{"uuid":"15dcb626-1524-4325-be25-90afc1529b67","type":"form-checkbox-toggle","machineName":"enable-cta"},{"uuid":"c11ff68a-82d1-42f0-a5fa-dc20ea3df865","type":"form-textarea","machineName":"description"},{"uuid":"23681cd7-b4ef-48f8-b258-c21d8ebf56fa","type":"form-input","machineName":"title"},{"uuid":"606c8623-9242-448f-9cee-51c645f250a3","type":"form-select","machineName":"style-heading"},{"uuid":"3ce8837a-b8a8-4f41-80c5-7262b8a28b43","type":"form-input","machineName":"mobile-height"},{"uuid":"da828be8-611a-4f52-ad4f-ac9ba5080195","type":"form-input","machineName":"desktop-height"},{"uuid":"eb1796a1-4d91-4c31-b3ef-ad76fd445e70","type":"form-input","machineName":"mobile-text-padding-bottom"},{"uuid":"911c3906-6d58-4878-a752-15c652a9e0ab","type":"form-input","machineName":"desktop-text-padding-right1"},{"uuid":"dfe34d83-581e-4f1a-9da1-acd32ada1be1","type":"form-select","machineName":"section-height"},{"uuid":"01b56674-7f2f-4a9a-8a87-179b0cd7a799","type":"form-select","machineName":"select-style"},{"uuid":"308d890d-99cc-4c9c-a544-e2e57a7083d3","type":"form-checkbox-toggle","machineName":"include-border"},{"uuid":"f978bdc5-f0df-4d02-be6e-3132a4a01ebe","type":"form-select","machineName":"freshlook-styles"},{"uuid":"b128ca9d-0fd6-4171-8f96-a0edb487bed1","type":"form-checkbox-toggle","machineName":"invert-mobile-order"}]}}'
json_mapper: '{}'
last_entity_update: entityupdate_0043
locked: false
modified: true
selectable: true
category: cpt_cat_other_0
preview_image: {  }
has_quick_edit: true
entity_type_access: {  }
bundle_access: {  }
twig_template: component--cohesion-cpt-a-block
weight: 38
